// !$*UTF8*$!
{
	archiveVersion = 1;
	classes = {
	};
	objectVersion = 55;
	objects = {

/* Begin PBXBuildFile section */
		002B07D82769AB5F006AEBFE /* Netflix_CloneApp.swift in Sources */ = {isa = PBXBuildFile; fileRef = 002B07C82769AB5D006AEBFE /* Netflix_CloneApp.swift */; };
		002B07D92769AB5F006AEBFE /* Netflix_CloneApp.swift in Sources */ = {isa = PBXBuildFile; fileRef = 002B07C82769AB5D006AEBFE /* Netflix_CloneApp.swift */; };
		002B07DA2769AB5F006AEBFE /* ContentView.swift in Sources */ = {isa = PBXBuildFile; fileRef = 002B07C92769AB5D006AEBFE /* ContentView.swift */; };
		002B07DC2769AB5F006AEBFE /* Assets.xcassets in Resources */ = {isa = PBXBuildFile; fileRef = 002B07CA2769AB5F006AEBFE /* Assets.xcassets */; };
		002B07DD2769AB5F006AEBFE /* Assets.xcassets in Resources */ = {isa = PBXBuildFile; fileRef = 002B07CA2769AB5F006AEBFE /* Assets.xcassets */; };
		002B07E62769ABB9006AEBFE /* ContentView.swift in Sources */ = {isa = PBXBuildFile; fileRef = 002B07C92769AB5D006AEBFE /* ContentView.swift */; };
		002B07E82769AC69006AEBFE /* HomeView.swift in Sources */ = {isa = PBXBuildFile; fileRef = 002B07E72769AC69006AEBFE /* HomeView.swift */; };
		002B07E92769AC69006AEBFE /* HomeView.swift in Sources */ = {isa = PBXBuildFile; fileRef = 002B07E72769AC69006AEBFE /* HomeView.swift */; };
		002B07EC2769ADDD006AEBFE /* Kingfisher in Frameworks */ = {isa = PBXBuildFile; productRef = 002B07EB2769ADDD006AEBFE /* Kingfisher */; };
		002B07EE2769AE88006AEBFE /* Movie.swift in Sources */ = {isa = PBXBuildFile; fileRef = 002B07ED2769AE88006AEBFE /* Movie.swift */; };
		002B07EF2769AE88006AEBFE /* Movie.swift in Sources */ = {isa = PBXBuildFile; fileRef = 002B07ED2769AE88006AEBFE /* Movie.swift */; };
		002B07F12769AEC0006AEBFE /* StandardHomeMovie.swift in Sources */ = {isa = PBXBuildFile; fileRef = 002B07F02769AEC0006AEBFE /* StandardHomeMovie.swift */; };
		002B07F22769AEC0006AEBFE /* StandardHomeMovie.swift in Sources */ = {isa = PBXBuildFile; fileRef = 002B07F02769AEC0006AEBFE /* StandardHomeMovie.swift */; };
		002B07F42769AF0C006AEBFE /* GlobalHelpers.swift in Sources */ = {isa = PBXBuildFile; fileRef = 002B07F32769AF0C006AEBFE /* GlobalHelpers.swift */; };
		002B07F52769AF0C006AEBFE /* GlobalHelpers.swift in Sources */ = {isa = PBXBuildFile; fileRef = 002B07F32769AF0C006AEBFE /* GlobalHelpers.swift */; };
		002B07F72769B0D6006AEBFE /* HomeVM.swift in Sources */ = {isa = PBXBuildFile; fileRef = 002B07F62769B0D6006AEBFE /* HomeVM.swift */; };
		002B07F82769B0D6006AEBFE /* HomeVM.swift in Sources */ = {isa = PBXBuildFile; fileRef = 002B07F62769B0D6006AEBFE /* HomeVM.swift */; };
/* End PBXBuildFile section */

/* Begin PBXFileReference section */
		002B07C82769AB5D006AEBFE /* Netflix_CloneApp.swift */ = {isa = PBXFileReference; lastKnownFileType = sourcecode.swift; path = Netflix_CloneApp.swift; sourceTree = "<group>"; };
		002B07C92769AB5D006AEBFE /* ContentView.swift */ = {isa = PBXFileReference; lastKnownFileType = sourcecode.swift; path = ContentView.swift; sourceTree = "<group>"; };
		002B07CA2769AB5F006AEBFE /* Assets.xcassets */ = {isa = PBXFileReference; lastKnownFileType = folder.assetcatalog; path = Assets.xcassets; sourceTree = "<group>"; };
		002B07CF2769AB5F006AEBFE /* Netflix Clone.app */ = {isa = PBXFileReference; explicitFileType = wrapper.application; includeInIndex = 0; path = "Netflix Clone.app"; sourceTree = BUILT_PRODUCTS_DIR; };
		002B07D52769AB5F006AEBFE /* Netflix Clone.app */ = {isa = PBXFileReference; explicitFileType = wrapper.application; includeInIndex = 0; path = "Netflix Clone.app"; sourceTree = BUILT_PRODUCTS_DIR; };
		002B07D72769AB5F006AEBFE /* macOS.entitlements */ = {isa = PBXFileReference; lastKnownFileType = text.plist.entitlements; path = macOS.entitlements; sourceTree = "<group>"; };
		002B07E72769AC69006AEBFE /* HomeView.swift */ = {isa = PBXFileReference; lastKnownFileType = sourcecode.swift; path = HomeView.swift; sourceTree = "<group>"; };
		002B07ED2769AE88006AEBFE /* Movie.swift */ = {isa = PBXFileReference; lastKnownFileType = sourcecode.swift; path = Movie.swift; sourceTree = "<group>"; };
		002B07F02769AEC0006AEBFE /* StandardHomeMovie.swift */ = {isa = PBXFileReference; lastKnownFileType = sourcecode.swift; path = StandardHomeMovie.swift; sourceTree = "<group>"; };
		002B07F32769AF0C006AEBFE /* GlobalHelpers.swift */ = {isa = PBXFileReference; lastKnownFileType = sourcecode.swift; path = GlobalHelpers.swift; sourceTree = "<group>"; };
		002B07F62769B0D6006AEBFE /* HomeVM.swift */ = {isa = PBXFileReference; lastKnownFileType = sourcecode.swift; path = HomeVM.swift; sourceTree = "<group>"; };
/* End PBXFileReference section */

/* Begin PBXFrameworksBuildPhase section */
		002B07CC2769AB5F006AEBFE /* Frameworks */ = {
			isa = PBXFrameworksBuildPhase;
			buildActionMask = 2147483647;
			files = (
				002B07EC2769ADDD006AEBFE /* Kingfisher in Frameworks */,
			);
			runOnlyForDeploymentPostprocessing = 0;
		};
		002B07D22769AB5F006AEBFE /* Frameworks */ = {
			isa = PBXFrameworksBuildPhase;
			buildActionMask = 2147483647;
			files = (
			);
			runOnlyForDeploymentPostprocessing = 0;
		};
/* End PBXFrameworksBuildPhase section */

/* Begin PBXGroup section */
		002B07C22769AB5C006AEBFE = {
			isa = PBXGroup;
			children = (
				002B07C72769AB5D006AEBFE /* Shared */,
				002B07D62769AB5F006AEBFE /* macOS */,
				002B07D02769AB5F006AEBFE /* Products */,
			);
			sourceTree = "<group>";
		};
		002B07C72769AB5D006AEBFE /* Shared */ = {
			isa = PBXGroup;
			children = (
				002B07C82769AB5D006AEBFE /* Netflix_CloneApp.swift */,
				002B07C92769AB5D006AEBFE /* ContentView.swift */,
				002B07E72769AC69006AEBFE /* HomeView.swift */,
				002B07F62769B0D6006AEBFE /* HomeVM.swift */,
				002B07ED2769AE88006AEBFE /* Movie.swift */,
				002B07F02769AEC0006AEBFE /* StandardHomeMovie.swift */,
				002B07F32769AF0C006AEBFE /* GlobalHelpers.swift */,
				002B07CA2769AB5F006AEBFE /* Assets.xcassets */,
			);
			path = Shared;
			sourceTree = "<group>";
		};
		002B07D02769AB5F006AEBFE /* Products */ = {
			isa = PBXGroup;
			children = (
				002B07CF2769AB5F006AEBFE /* Netflix Clone.app */,
				002B07D52769AB5F006AEBFE /* Netflix Clone.app */,
			);
			name = Products;
			sourceTree = "<group>";
		};
		002B07D62769AB5F006AEBFE /* macOS */ = {
			isa = PBXGroup;
			children = (
				002B07D72769AB5F006AEBFE /* macOS.entitlements */,
			);
			path = macOS;
			sourceTree = "<group>";
		};
/* End PBXGroup section */

/* Begin PBXNativeTarget section */
		002B07CE2769AB5F006AEBFE /* Netflix Clone (iOS) */ = {
			isa = PBXNativeTarget;
			buildConfigurationList = 002B07E02769AB5F006AEBFE /* Build configuration list for PBXNativeTarget "Netflix Clone (iOS)" */;
			buildPhases = (
				002B07CB2769AB5F006AEBFE /* Sources */,
				002B07CC2769AB5F006AEBFE /* Frameworks */,
				002B07CD2769AB5F006AEBFE /* Resources */,
			);
			buildRules = (
			);
			dependencies = (
			);
			name = "Netflix Clone (iOS)";
			packageProductDependencies = (
				002B07EB2769ADDD006AEBFE /* Kingfisher */,
			);
			productName = "Netflix Clone (iOS)";
			productReference = 002B07CF2769AB5F006AEBFE /* Netflix Clone.app */;
			productType = "com.apple.product-type.application";
		};
		002B07D42769AB5F006AEBFE /* Netflix Clone (macOS) */ = {
			isa = PBXNativeTarget;
			buildConfigurationList = 002B07E32769AB5F006AEBFE /* Build configuration list for PBXNativeTarget "Netflix Clone (macOS)" */;
			buildPhases = (
				002B07D12769AB5F006AEBFE /* Sources */,
				002B07D22769AB5F006AEBFE /* Frameworks */,
				002B07D32769AB5F006AEBFE /* Resources */,
			);
			buildRules = (
			);
			dependencies = (
			);
			name = "Netflix Clone (macOS)";
			productName = "Netflix Clone (macOS)";
			productReference = 002B07D52769AB5F006AEBFE /* Netflix Clone.app */;
			productType = "com.apple.product-type.application";
		};
/* End PBXNativeTarget section */

/* Begin PBXProject section */
		002B07C32769AB5C006AEBFE /* Project object */ = {
			isa = PBXProject;
			attributes = {
				BuildIndependentTargetsInParallel = 1;
				LastSwiftUpdateCheck = 1310;
				LastUpgradeCheck = 1310;
				TargetAttributes = {
					002B07CE2769AB5F006AEBFE = {
						CreatedOnToolsVersion = 13.1;
					};
					002B07D42769AB5F006AEBFE = {
						CreatedOnToolsVersion = 13.1;
					};
				};
			};
			buildConfigurationList = 002B07C62769AB5C006AEBFE /* Build configuration list for PBXProject "Netflix Clone" */;
			compatibilityVersion = "Xcode 13.0";
			developmentRegion = en;
			hasScannedForEncodings = 0;
			knownRegions = (
				en,
				Base,
			);
			mainGroup = 002B07C22769AB5C006AEBFE;
			packageReferences = (
				002B07EA2769ADDD006AEBFE /* XCRemoteSwiftPackageReference "Kingfisher" */,
			);
			productRefGroup = 002B07D02769AB5F006AEBFE /* Products */;
			projectDirPath = "";
			projectRoot = "";
			targets = (
				002B07CE2769AB5F006AEBFE /* Netflix Clone (iOS) */,
				002B07D42769AB5F006AEBFE /* Netflix Clone (macOS) */,
			);
		};
/* End PBXProject section */

/* Begin PBXResourcesBuildPhase section */
		002B07CD2769AB5F006AEBFE /* Resources */ = {
			isa = PBXResourcesBuildPhase;
			buildActionMask = 2147483647;
			files = (
				002B07DC2769AB5F006AEBFE /* Assets.xcassets in Resources */,
			);
			runOnlyForDeploymentPostprocessing = 0;
		};
		002B07D32769AB5F006AEBFE /* Resources */ = {
			isa = PBXResourcesBuildPhase;
			buildActionMask = 2147483647;
			files = (
				002B07DD2769AB5F006AEBFE /* Assets.xcassets in Resources */,
			);
			runOnlyForDeploymentPostprocessing = 0;
		};
/* End PBXResourcesBuildPhase section */

/* Begin PBXSourcesBuildPhase section */
		002B07CB2769AB5F006AEBFE /* Sources */ = {
			isa = PBXSourcesBuildPhase;
			buildActionMask = 2147483647;
			files = (
				002B07F42769AF0C006AEBFE /* GlobalHelpers.swift in Sources */,
				002B07E82769AC69006AEBFE /* HomeView.swift in Sources */,
				002B07F72769B0D6006AEBFE /* HomeVM.swift in Sources */,
				002B07DA2769AB5F006AEBFE /* ContentView.swift in Sources */,
				002B07F12769AEC0006AEBFE /* StandardHomeMovie.swift in Sources */,
				002B07EE2769AE88006AEBFE /* Movie.swift in Sources */,
				002B07D82769AB5F006AEBFE /* Netflix_CloneApp.swift in Sources */,
			);
			runOnlyForDeploymentPostprocessing = 0;
		};
		002B07D12769AB5F006AEBFE /* Sources */ = {
			isa = PBXSourcesBuildPhase;
			buildActionMask = 2147483647;
			files = (
				002B07F52769AF0C006AEBFE /* GlobalHelpers.swift in Sources */,
				002B07E92769AC69006AEBFE /* HomeView.swift in Sources */,
				002B07F82769B0D6006AEBFE /* HomeVM.swift in Sources */,
				002B07E62769ABB9006AEBFE /* ContentView.swift in Sources */,
				002B07F22769AEC0006AEBFE /* StandardHomeMovie.swift in Sources */,
				002B07EF2769AE88006AEBFE /* Movie.swift in Sources */,
				002B07D92769AB5F006AEBFE /* Netflix_CloneApp.swift in Sources */,
			);
			runOnlyForDeploymentPostprocessing = 0;
		};
/* End PBXSourcesBuildPhase section */

/* Begin XCBuildConfiguration section */
		002B07DE2769AB5F006AEBFE /* Debug */ = {
			isa = XCBuildConfiguration;
			buildSettings = {
				ALWAYS_SEARCH_USER_PATHS = NO;
				CLANG_ANALYZER_NONNULL = YES;
				CLANG_ANALYZER_NUMBER_OBJECT_CONVERSION = YES_AGGRESSIVE;
				CLANG_CXX_LANGUAGE_STANDARD = "gnu++17";
				CLANG_CXX_LIBRARY = "libc++";
				CLANG_ENABLE_MODULES = YES;
				CLANG_ENABLE_OBJC_ARC = YES;
				CLANG_ENABLE_OBJC_WEAK = YES;
				CLANG_WARN_BLOCK_CAPTURE_AUTORELEASING = YES;
				CLANG_WARN_BOOL_CONVERSION = YES;
				CLANG_WARN_COMMA = YES;
				CLANG_WARN_CONSTANT_CONVERSION = YES;
				CLANG_WARN_DEPRECATED_OBJC_IMPLEMENTATIONS = YES;
				CLANG_WARN_DIRECT_OBJC_ISA_USAGE = YES_ERROR;
				CLANG_WARN_DOCUMENTATION_COMMENTS = YES;
				CLANG_WARN_EMPTY_BODY = YES;
				CLANG_WARN_ENUM_CONVERSION = YES;
				CLANG_WARN_INFINITE_RECURSION = YES;
				CLANG_WARN_INT_CONVERSION = YES;
				CLANG_WARN_NON_LITERAL_NULL_CONVERSION = YES;
				CLANG_WARN_OBJC_IMPLICIT_RETAIN_SELF = YES;
				CLANG_WARN_OBJC_LITERAL_CONVERSION = YES;
				CLANG_WARN_OBJC_ROOT_CLASS = YES_ERROR;
				CLANG_WARN_QUOTED_INCLUDE_IN_FRAMEWORK_HEADER = YES;
				CLANG_WARN_RANGE_LOOP_ANALYSIS = YES;
				CLANG_WARN_STRICT_PROTOTYPES = YES;
				CLANG_WARN_SUSPICIOUS_MOVE = YES;
				CLANG_WARN_UNGUARDED_AVAILABILITY = YES_AGGRESSIVE;
				CLANG_WARN_UNREACHABLE_CODE = YES;
				CLANG_WARN__DUPLICATE_METHOD_MATCH = YES;
				COPY_PHASE_STRIP = NO;
				DEBUG_INFORMATION_FORMAT = dwarf;
				ENABLE_STRICT_OBJC_MSGSEND = YES;
				ENABLE_TESTABILITY = YES;
				GCC_C_LANGUAGE_STANDARD = gnu11;
				GCC_DYNAMIC_NO_PIC = NO;
				GCC_NO_COMMON_BLOCKS = YES;
				GCC_OPTIMIZATION_LEVEL = 0;
				GCC_PREPROCESSOR_DEFINITIONS = (
					"DEBUG=1",
					"$(inherited)",
				);
				GCC_WARN_64_TO_32_BIT_CONVERSION = YES;
				GCC_WARN_ABOUT_RETURN_TYPE = YES_ERROR;
				GCC_WARN_UNDECLARED_SELECTOR = YES;
				GCC_WARN_UNINITIALIZED_AUTOS = YES_AGGRESSIVE;
				GCC_WARN_UNUSED_FUNCTION = YES;
				GCC_WARN_UNUSED_VARIABLE = YES;
				MTL_ENABLE_DEBUG_INFO = INCLUDE_SOURCE;
				MTL_FAST_MATH = YES;
				ONLY_ACTIVE_ARCH = YES;
				SWIFT_ACTIVE_COMPILATION_CONDITIONS = DEBUG;
				SWIFT_OPTIMIZATION_LEVEL = "-Onone";
			};
			name = Debug;
		};
		002B07DF2769AB5F006AEBFE /* Release */ = {
			isa = XCBuildConfiguration;
			buildSettings = {
				ALWAYS_SEARCH_USER_PATHS = NO;
				CLANG_ANALYZER_NONNULL = YES;
				CLANG_ANALYZER_NUMBER_OBJECT_CONVERSION = YES_AGGRESSIVE;
				CLANG_CXX_LANGUAGE_STANDARD = "gnu++17";
				CLANG_CXX_LIBRARY = "libc++";
				CLANG_ENABLE_MODULES = YES;
				CLANG_ENABLE_OBJC_ARC = YES;
				CLANG_ENABLE_OBJC_WEAK = YES;
				CLANG_WARN_BLOCK_CAPTURE_AUTORELEASING = YES;
				CLANG_WARN_BOOL_CONVERSION = YES;
				CLANG_WARN_COMMA = YES;
				CLANG_WARN_CONSTANT_CONVERSION = YES;
				CLANG_WARN_DEPRECATED_OBJC_IMPLEMENTATIONS = YES;
				CLANG_WARN_DIRECT_OBJC_ISA_USAGE = YES_ERROR;
				CLANG_WARN_DOCUMENTATION_COMMENTS = YES;
				CLANG_WARN_EMPTY_BODY = YES;
				CLANG_WARN_ENUM_CONVERSION = YES;
				CLANG_WARN_INFINITE_RECURSION = YES;
				CLANG_WARN_INT_CONVERSION = YES;
				CLANG_WARN_NON_LITERAL_NULL_CONVERSION = YES;
				CLANG_WARN_OBJC_IMPLICIT_RETAIN_SELF = YES;
				CLANG_WARN_OBJC_LITERAL_CONVERSION = YES;
				CLANG_WARN_OBJC_ROOT_CLASS = YES_ERROR;
				CLANG_WARN_QUOTED_INCLUDE_IN_FRAMEWORK_HEADER = YES;
				CLANG_WARN_RANGE_LOOP_ANALYSIS = YES;
				CLANG_WARN_STRICT_PROTOTYPES = YES;
				CLANG_WARN_SUSPICIOUS_MOVE = YES;
				CLANG_WARN_UNGUARDED_AVAILABILITY = YES_AGGRESSIVE;
				CLANG_WARN_UNREACHABLE_CODE = YES;
				CLANG_WARN__DUPLICATE_METHOD_MATCH = YES;
				COPY_PHASE_STRIP = NO;
				DEBUG_INFORMATION_FORMAT = "dwarf-with-dsym";
				ENABLE_NS_ASSERTIONS = NO;
				ENABLE_STRICT_OBJC_MSGSEND = YES;
				GCC_C_LANGUAGE_STANDARD = gnu11;
				GCC_NO_COMMON_BLOCKS = YES;
				GCC_WARN_64_TO_32_BIT_CONVERSION = YES;
				GCC_WARN_ABOUT_RETURN_TYPE = YES_ERROR;
				GCC_WARN_UNDECLARED_SELECTOR = YES;
				GCC_WARN_UNINITIALIZED_AUTOS = YES_AGGRESSIVE;
				GCC_WARN_UNUSED_FUNCTION = YES;
				GCC_WARN_UNUSED_VARIABLE = YES;
				MTL_ENABLE_DEBUG_INFO = NO;
				MTL_FAST_MATH = YES;
				SWIFT_COMPILATION_MODE = wholemodule;
				SWIFT_OPTIMIZATION_LEVEL = "-O";
			};
			name = Release;
		};
		002B07E12769AB5F006AEBFE /* Debug */ = {
			isa = XCBuildConfiguration;
			buildSettings = {
				ASSETCATALOG_COMPILER_APPICON_NAME = AppIcon;
				ASSETCATALOG_COMPILER_GLOBAL_ACCENT_COLOR_NAME = AccentColor;
				CODE_SIGN_STYLE = Automatic;
				CURRENT_PROJECT_VERSION = 1;
				DEVELOPMENT_TEAM = 5FA7AJES85;
				ENABLE_PREVIEWS = YES;
				GENERATE_INFOPLIST_FILE = YES;
				INFOPLIST_KEY_UIApplicationSceneManifest_Generation = YES;
				INFOPLIST_KEY_UIApplicationSupportsIndirectInputEvents = YES;
				INFOPLIST_KEY_UILaunchScreen_Generation = YES;
				INFOPLIST_KEY_UISupportedInterfaceOrientations_iPad = "UIInterfaceOrientationPortrait UIInterfaceOrientationPortraitUpsideDown UIInterfaceOrientationLandscapeLeft UIInterfaceOrientationLandscapeRight";
				INFOPLIST_KEY_UISupportedInterfaceOrientations_iPhone = "UIInterfaceOrientationPortrait UIInterfaceOrientationLandscapeLeft UIInterfaceOrientationLandscapeRight";
				IPHONEOS_DEPLOYMENT_TARGET = 15.0;
				LD_RUNPATH_SEARCH_PATHS = (
					"$(inherited)",
					"@executable_path/Frameworks",
				);
				MARKETING_VERSION = 1.0;
				PRODUCT_BUNDLE_IDENTIFIER = "com.LorenzoVaccaro.Netflix-Clone";
				PRODUCT_NAME = "Netflix Clone";
				SDKROOT = iphoneos;
				SWIFT_EMIT_LOC_STRINGS = YES;
				SWIFT_VERSION = 5.0;
				TARGETED_DEVICE_FAMILY = "1,2";
			};
			name = Debug;
		};
		002B07E22769AB5F006AEBFE /* Release */ = {
			isa = XCBuildConfiguration;
			buildSettings = {
				ASSETCATALOG_COMPILER_APPICON_NAME = AppIcon;
				ASSETCATALOG_COMPILER_GLOBAL_ACCENT_COLOR_NAME = AccentColor;
				CODE_SIGN_STYLE = Automatic;
				CURRENT_PROJECT_VERSION = 1;
				DEVELOPMENT_TEAM = 5FA7AJES85;
				ENABLE_PREVIEWS = YES;
				GENERATE_INFOPLIST_FILE = YES;
				INFOPLIST_KEY_UIApplicationSceneManifest_Generation = YES;
				INFOPLIST_KEY_UIApplicationSupportsIndirectInputEvents = YES;
				INFOPLIST_KEY_UILaunchScreen_Generation = YES;
				INFOPLIST_KEY_UISupportedInterfaceOrientations_iPad = "UIInterfaceOrientationPortrait UIInterfaceOrientationPortraitUpsideDown UIInterfaceOrientationLandscapeLeft UIInterfaceOrientationLandscapeRight";
				INFOPLIST_KEY_UISupportedInterfaceOrientations_iPhone = "UIInterfaceOrientationPortrait UIInterfaceOrientationLandscapeLeft UIInterfaceOrientationLandscapeRight";
				IPHONEOS_DEPLOYMENT_TARGET = 15.0;
				LD_RUNPATH_SEARCH_PATHS = (
					"$(inherited)",
					"@executable_path/Frameworks",
				);
				MARKETING_VERSION = 1.0;
				PRODUCT_BUNDLE_IDENTIFIER = "com.LorenzoVaccaro.Netflix-Clone";
				PRODUCT_NAME = "Netflix Clone";
				SDKROOT = iphoneos;
				SWIFT_EMIT_LOC_STRINGS = YES;
				SWIFT_VERSION = 5.0;
				TARGETED_DEVICE_FAMILY = "1,2";
				VALIDATE_PRODUCT = YES;
			};
			name = Release;
		};
		002B07E42769AB5F006AEBFE /* Debug */ = {
			isa = XCBuildConfiguration;
			buildSettings = {
				ASSETCATALOG_COMPILER_APPICON_NAME = AppIcon;
				ASSETCATALOG_COMPILER_GLOBAL_ACCENT_COLOR_NAME = AccentColor;
				CODE_SIGN_ENTITLEMENTS = macOS/macOS.entitlements;
				CODE_SIGN_STYLE = Automatic;
				COMBINE_HIDPI_IMAGES = YES;
				CURRENT_PROJECT_VERSION = 1;
				DEVELOPMENT_TEAM = 5FA7AJES85;
				ENABLE_HARDENED_RUNTIME = YES;
				ENABLE_PREVIEWS = YES;
				GENERATE_INFOPLIST_FILE = YES;
				INFOPLIST_KEY_NSHumanReadableCopyright = "";
				LD_RUNPATH_SEARCH_PATHS = (
					"$(inherited)",
					"@executable_path/../Frameworks",
				);
				MACOSX_DEPLOYMENT_TARGET = 12.0;
				MARKETING_VERSION = 1.0;
				PRODUCT_BUNDLE_IDENTIFIER = "com.LorenzoVaccaro.Netflix-Clone";
				PRODUCT_NAME = "Netflix Clone";
				SDKROOT = macosx;
				SWIFT_EMIT_LOC_STRINGS = YES;
				SWIFT_VERSION = 5.0;
			};
			name = Debug;
		};
		002B07E52769AB5F006AEBFE /* Release */ = {
			isa = XCBuildConfiguration;
			buildSettings = {
				ASSETCATALOG_COMPILER_APPICON_NAME = AppIcon;
				ASSETCATALOG_COMPILER_GLOBAL_ACCENT_COLOR_NAME = AccentColor;
				CODE_SIGN_ENTITLEMENTS = macOS/macOS.entitlements;
				CODE_SIGN_STYLE = Automatic;
				COMBINE_HIDPI_IMAGES = YES;
				CURRENT_PROJECT_VERSION = 1;
				DEVELOPMENT_TEAM = 5FA7AJES85;
				ENABLE_HARDENED_RUNTIME = YES;
				ENABLE_PREVIEWS = YES;
				GENERATE_INFOPLIST_FILE = YES;
				INFOPLIST_KEY_NSHumanReadableCopyright = "";
				LD_RUNPATH_SEARCH_PATHS = (
					"$(inherited)",
					"@executable_path/../Frameworks",
				);
				MACOSX_DEPLOYMENT_TARGET = 12.0;
				MARKETING_VERSION = 1.0;
				PRODUCT_BUNDLE_IDENTIFIER = "com.LorenzoVaccaro.Netflix-Clone";
				PRODUCT_NAME = "Netflix Clone";
				SDKROOT = macosx;
				SWIFT_EMIT_LOC_STRINGS = YES;
				SWIFT_VERSION = 5.0;
			};
			name = Release;
		};
/* End XCBuildConfiguration section */

/* Begin XCConfigurationList section */
		002B07C62769AB5C006AEBFE /* Build configuration list for PBXProject "Netflix Clone" */ = {
			isa = XCConfigurationList;
			buildConfigurations = (
				002B07DE2769AB5F006AEBFE /* Debug */,
				002B07DF2769AB5F006AEBFE /* Release */,
			);
			defaultConfigurationIsVisible = 0;
			defaultConfigurationName = Release;
		};
		002B07E02769AB5F006AEBFE /* Build configuration list for PBXNativeTarget "Netflix Clone (iOS)" */ = {
			isa = XCConfigurationList;
			buildConfigurations = (
				002B07E12769AB5F006AEBFE /* Debug */,
				002B07E22769AB5F006AEBFE /* Release */,
			);
			defaultConfigurationIsVisible = 0;
			defaultConfigurationName = Release;
		};
		002B07E32769AB5F006AEBFE /* Build configuration list for PBXNativeTarget "Netflix Clone (macOS)" */ = {
			isa = XCConfigurationList;
			buildConfigurations = (
				002B07E42769AB5F006AEBFE /* Debug */,
				002B07E52769AB5F006AEBFE /* Release */,
			);
			defaultConfigurationIsVisible = 0;
			defaultConfigurationName = Release;
		};
/* End XCConfigurationList section */

/* Begin XCRemoteSwiftPackageReference section */
		002B07EA2769ADDD006AEBFE /* XCRemoteSwiftPackageReference "Kingfisher" */ = {
			isa = XCRemoteSwiftPackageReference;
			repositoryURL = "https://github.com/onevcat/Kingfisher";
			requirement = {
				kind = upToNextMajorVersion;
				minimumVersion = 7.0.0;
			};
		};
/* End XCRemoteSwiftPackageReference section */

/* Begin XCSwiftPackageProductDependency section */
		002B07EB2769ADDD006AEBFE /* Kingfisher */ = {
			isa = XCSwiftPackageProductDependency;
			package = 002B07EA2769ADDD006AEBFE /* XCRemoteSwiftPackageReference "Kingfisher" */;
			productName = Kingfisher;
		};
/* End XCSwiftPackageProductDependency section */
	};
	rootObject = 002B07C32769AB5C006AEBFE /* Project object */;
}
